
Microsoft Visual Studio Solution File, Format Version 12.00
# Visual Studio Version 17
VisualStudioVersion = 17.5.33516.290
MinimumVisualStudioVersion = 10.0.40219.1
Project("{FAE04EC0-301F-11D3-BF4B-00C04F79EFBC}") = "SommaPunteggu", "SommaPunteggu\SommaPunteggu.csproj", "{E85C83E3-4002-4B46-8F85-834C4E75E6DD}"
EndProject
Global
	GlobalSection(SolutionConfigurationPlatforms) = preSolution
		Debug|Any CPU = Debug|Any CPU
		Release|Any CPU = Release|Any CPU
	EndGlobalSection
	GlobalSection(ProjectConfigurationPlatforms) = postSolution
		{E85C83E3-4002-4B46-8F85-834C4E75E6DD}.Debug|Any CPU.ActiveCfg = Debug|Any CPU
		{E85C83E3-4002-4B46-8F85-834C4E75E6DD}.Debug|Any CPU.Build.0 = Debug|Any CPU
		{E85C83E3-4002-4B46-8F85-834C4E75E6DD}.Release|Any CPU.ActiveCfg = Release|Any CPU
		{E85C83E3-4002-4B46-8F85-834C4E75E6DD}.Release|Any CPU.Build.0 = Release|Any CPU
	EndGlobalSection
	GlobalSection(SolutionProperties) = preSolution
		HideSolutionNode = FALSE
	EndGlobalSection
	GlobalSection(ExtensibilityGlobals) = postSolution
		SolutionGuid = {3D62B094-53EE-41E6-BC59-2B6E98D1589B}
	EndGlobalSection
EndGlobal
